// !$*UTF8*$!
{
	archiveVersion = 1;
	classes = {
	};
	objectVersion = 48;
	objects = {

/* Begin PBXBuildFile section */
		7D76D4D3210AFB4100ACC87F /* AppDelegate.swift in Sources */ = {isa = PBXBuildFile; fileRef = 7D76D4D2210AFB4100ACC87F /* AppDelegate.swift */; };
		7D76D4D5210AFB4100ACC87F /* ViewController.swift in Sources */ = {isa = PBXBuildFile; fileRef = 7D76D4D4210AFB4100ACC87F /* ViewController.swift */; };
		7D76D4D8210AFB4100ACC87F /* Main.storyboard in Resources */ = {isa = PBXBuildFile; fileRef = 7D76D4D6210AFB4100ACC87F /* Main.storyboard */; };
		7D76D4DA210AFB4100ACC87F /* Assets.xcassets in Resources */ = {isa = PBXBuildFile; fileRef = 7D76D4D9210AFB4100ACC87F /* Assets.xcassets */; };
		7D76D4ED210AFE0700ACC87F /* Question.swift in Sources */ = {isa = PBXBuildFile; fileRef = 7D76D4EC210AFE0700ACC87F /* Question.swift */; };
		7D76D4EF210AFE6200ACC87F /* QuestionBank.swift in Sources */ = {isa = PBXBuildFile; fileRef = 7D76D4EE210AFE6200ACC87F /* QuestionBank.swift */; };
/* End PBXBuildFile section */

/* Begin PBXFileReference section */
		7D76D4CF210AFB4000ACC87F /* Quizzler.app */ = {isa = PBXFileReference; explicitFileType = wrapper.application; includeInIndex = 0; path = Quizzler.app; sourceTree = BUILT_PRODUCTS_DIR; };
		7D76D4D2210AFB4100ACC87F /* AppDelegate.swift */ = {isa = PBXFileReference; lastKnownFileType = sourcecode.swift; path = AppDelegate.swift; sourceTree = "<group>"; };
		7D76D4D4210AFB4100ACC87F /* ViewController.swift */ = {isa = PBXFileReference; lastKnownFileType = sourcecode.swift; path = ViewController.swift; sourceTree = "<group>"; };
		7D76D4D7210AFB4100ACC87F /* Base */ = {isa = PBXFileReference; lastKnownFileType = file.storyboard; name = Base; path = Base.lproj/Main.storyboard; sourceTree = "<group>"; };
		7D76D4D9210AFB4100ACC87F /* Assets.xcassets */ = {isa = PBXFileReference; lastKnownFileType = folder.assetcatalog; path = Assets.xcassets; sourceTree = "<group>"; };
		7D76D4DE210AFB4100ACC87F /* Info.plist */ = {isa = PBXFileReference; lastKnownFileType = text.plist.xml; path = Info.plist; sourceTree = "<group>"; };
		7D76D4EC210AFE0700ACC87F /* Question.swift */ = {isa = PBXFileReference; lastKnownFileType = sourcecode.swift; path = Question.swift; sourceTree = "<group>"; };
		7D76D4EE210AFE6200ACC87F /* QuestionBank.swift */ = {isa = PBXFileReference; lastKnownFileType = sourcecode.swift; path = QuestionBank.swift; sourceTree = "<group>"; };
/* End PBXFileReference section */

/* Begin PBXFrameworksBuildPhase section */
		7D76D4CC210AFB4000ACC87F /* Frameworks */ = {
			isa = PBXFrameworksBuildPhase;
			buildActionMask = 2147483647;
			files = (
			);
			runOnlyForDeploymentPostprocessing = 0;
		};
/* End PBXFrameworksBuildPhase section */

/* Begin PBXGroup section */
		7D76D4C6210AFB4000ACC87F = {
			isa = PBXGroup;
			children = (
				7D76D4D1210AFB4000ACC87F /* Quizzler */,
				7D76D4D0210AFB4000ACC87F /* Products */,
			);
			sourceTree = "<group>";
		};
		7D76D4D0210AFB4000ACC87F /* Products */ = {
			isa = PBXGroup;
			children = (
				7D76D4CF210AFB4000ACC87F /* Quizzler.app */,
			);
			name = Products;
			sourceTree = "<group>";
		};
		7D76D4D1210AFB4000ACC87F /* Quizzler */ = {
			isa = PBXGroup;
			children = (
				7D76D4E7210AFB7C00ACC87F /* Supporting Files */,
				7D76D4E6210AFB7500ACC87F /* Controller */,
				7D76D4E5210AFB6E00ACC87F /* View */,
				7D76D4E4210AFB6700ACC87F /* Model */,
			);
			path = Quizzler;
			sourceTree = "<group>";
		};
		7D76D4E4210AFB6700ACC87F /* Model */ = {
			isa = PBXGroup;
			children = (
				7D76D4EC210AFE0700ACC87F /* Question.swift */,
				7D76D4EE210AFE6200ACC87F /* QuestionBank.swift */,
			);
			path = Model;
			sourceTree = "<group>";
		};
		7D76D4E5210AFB6E00ACC87F /* View */ = {
			isa = PBXGroup;
			children = (
				7D76D4D6210AFB4100ACC87F /* Main.storyboard */,
				7D76D4D9210AFB4100ACC87F /* Assets.xcassets */,
			);
			path = View;
			sourceTree = "<group>";
		};
		7D76D4E6210AFB7500ACC87F /* Controller */ = {
			isa = PBXGroup;
			children = (
				7D76D4D2210AFB4100ACC87F /* AppDelegate.swift */,
				7D76D4D4210AFB4100ACC87F /* ViewController.swift */,
			);
			path = Controller;
			sourceTree = "<group>";
		};
		7D76D4E7210AFB7C00ACC87F /* Supporting Files */ = {
			isa = PBXGroup;
			children = (
				7D76D4DE210AFB4100ACC87F /* Info.plist */,
			);
			path = "Supporting Files";
			sourceTree = "<group>";
		};
/* End PBXGroup section */

/* Begin PBXNativeTarget section */
		7D76D4CE210AFB4000ACC87F /* Quizzler */ = {
			isa = PBXNativeTarget;
			buildConfigurationList = 7D76D4E1210AFB4100ACC87F /* Build configuration list for PBXNativeTarget "Quizzler" */;
			buildPhases = (
				7D76D4CB210AFB4000ACC87F /* Sources */,
				7D76D4CC210AFB4000ACC87F /* Frameworks */,
				7D76D4CD210AFB4000ACC87F /* Resources */,
			);
			buildRules = (
			);
			dependencies = (
			);
			name = Quizzler;
			productName = Quizzler;
			productReference = 7D76D4CF210AFB4000ACC87F /* Quizzler.app */;
			productType = "com.apple.product-type.application";
		};
/* End PBXNativeTarget section */

/* Begin PBXProject section */
		7D76D4C7210AFB4000ACC87F /* Project object */ = {
			isa = PBXProject;
			attributes = {
				LastSwiftUpdateCheck = 0920;
				LastUpgradeCheck = 0920;
				ORGANIZATIONNAME = "Anuranjan Bose";
				TargetAttributes = {
					7D76D4CE210AFB4000ACC87F = {
						CreatedOnToolsVersion = 9.2;
						ProvisioningStyle = Automatic;
					};
				};
			};
			buildConfigurationList = 7D76D4CA210AFB4000ACC87F /* Build configuration list for PBXProject "Quizzler" */;
			compatibilityVersion = "Xcode 8.0";
			developmentRegion = en;
			hasScannedForEncodings = 0;
			knownRegions = (
				en,
				Base,
			);
			mainGroup = 7D76D4C6210AFB4000ACC87F;
			productRefGroup = 7D76D4D0210AFB4000ACC87F /* Products */;
			projectDirPath = "";
			projectRoot = "";
			targets = (
				7D76D4CE210AFB4000ACC87F /* Quizzler */,
			);
		};
/* End PBXProject section */

/* Begin PBXResourcesBuildPhase section */
		7D76D4CD210AFB4000ACC87F /* Resources */ = {
			isa = PBXResourcesBuildPhase;
			buildActionMask = 2147483647;
			files = (
				7D76D4DA210AFB4100ACC87F /* Assets.xcassets in Resources */,
				7D76D4D8210AFB4100ACC87F /* Main.storyboard in Resources */,
			);
			runOnlyForDeploymentPostprocessing = 0;
		};
/* End PBXResourcesBuildPhase section */

/* Begin PBXSourcesBuildPhase section */
		7D76D4CB210AFB4000ACC87F /* Sources */ = {
			isa = PBXSourcesBuildPhase;
			buildActionMask = 2147483647;
			files = (
				7D76D4ED210AFE0700ACC87F /* Question.swift in Sources */,
				7D76D4EF210AFE6200ACC87F /* QuestionBank.swift in Sources */,
				7D76D4D5210AFB4100ACC87F /* ViewController.swift in Sources */,
				7D76D4D3210AFB4100ACC87F /* AppDelegate.swift in Sources */,
			);
			runOnlyForDeploymentPostprocessing = 0;
		};
/* End PBXSourcesBuildPhase section */

/* Begin PBXVariantGroup section */
		7D76D4D6210AFB4100ACC87F /* Main.storyboard */ = {
			isa = PBXVariantGroup;
			children = (
				7D76D4D7210AFB4100ACC87F /* Base */,
			);
			name = Main.storyboard;
			sourceTree = "<group>";
		};
/* End PBXVariantGroup section */

/* Begin XCBuildConfiguration section */
		7D76D4DF210AFB4100ACC87F /* Debug */ = {
			isa = XCBuildConfiguration;
			buildSettings = {
				ALWAYS_SEARCH_USER_PATHS = NO;
				CLANG_ANALYZER_NONNULL = YES;
				CLANG_ANALYZER_NUMBER_OBJECT_CONVERSION = YES_AGGRESSIVE;
				CLANG_CXX_LANGUAGE_STANDARD = "gnu++14";
				CLANG_CXX_LIBRARY = "libc++";
				CLANG_ENABLE_MODULES = YES;
				CLANG_ENABLE_OBJC_ARC = YES;
				CLANG_WARN_BLOCK_CAPTURE_AUTORELEASING = YES;
				CLANG_WARN_BOOL_CONVERSION = YES;
				CLANG_WARN_COMMA = YES;
				CLANG_WARN_CONSTANT_CONVERSION = YES;
				CLANG_WARN_DIRECT_OBJC_ISA_USAGE = YES_ERROR;
				CLANG_WARN_DOCUMENTATION_COMMENTS = YES;
				CLANG_WARN_EMPTY_BODY = YES;
				CLANG_WARN_ENUM_CONVERSION = YES;
				CLANG_WARN_INFINITE_RECURSION = YES;
				CLANG_WARN_INT_CONVERSION = YES;
				CLANG_WARN_NON_LITERAL_NULL_CONVERSION = YES;
				CLANG_WARN_OBJC_LITERAL_CONVERSION = YES;
				CLANG_WARN_OBJC_ROOT_CLASS = YES_ERROR;
				CLANG_WARN_RANGE_LOOP_ANALYSIS = YES;
				CLANG_WARN_STRICT_PROTOTYPES = YES;
				CLANG_WARN_SUSPICIOUS_MOVE = YES;
				CLANG_WARN_UNGUARDED_AVAILABILITY = YES_AGGRESSIVE;
				CLANG_WARN_UNREACHABLE_CODE = YES;
				CLANG_WARN__DUPLICATE_METHOD_MATCH = YES;
				CODE_SIGN_IDENTITY = "iPhone Developer";
				COPY_PHASE_STRIP = NO;
				DEBUG_INFORMATION_FORMAT = dwarf;
				ENABLE_STRICT_OBJC_MSGSEND = YES;
				ENABLE_TESTABILITY = YES;
				GCC_C_LANGUAGE_STANDARD = gnu11;
				GCC_DYNAMIC_NO_PIC = NO;
				GCC_NO_COMMON_BLOCKS = YES;
				GCC_OPTIMIZATION_LEVEL = 0;
				GCC_PREPROCESSOR_DEFINITIONS = (
					"DEBUG=1",
					"$(inherited)",
				);
				GCC_WARN_64_TO_32_BIT_CONVERSION = YES;
				GCC_WARN_ABOUT_RETURN_TYPE = YES_ERROR;
				GCC_WARN_UNDECLARED_SELECTOR = YES;
				GCC_WARN_UNINITIALIZED_AUTOS = YES_AGGRESSIVE;
				GCC_WARN_UNUSED_FUNCTION = YES;
				GCC_WARN_UNUSED_VARIABLE = YES;
				IPHONEOS_DEPLOYMENT_TARGET = 11.2;
				MTL_ENABLE_DEBUG_INFO = YES;
				ONLY_ACTIVE_ARCH = YES;
				SDKROOT = iphoneos;
				SWIFT_ACTIVE_COMPILATION_CONDITIONS = DEBUG;
				SWIFT_OPTIMIZATION_LEVEL = "-Onone";
			};
			name = Debug;
		};
		7D76D4E0210AFB4100ACC87F /* Release */ = {
			isa = XCBuildConfiguration;
			buildSettings = {
				ALWAYS_SEARCH_USER_PATHS = NO;
				CLANG_ANALYZER_NONNULL = YES;
				CLANG_ANALYZER_NUMBER_OBJECT_CONVERSION = YES_AGGRESSIVE;
				CLANG_CXX_LANGUAGE_STANDARD = "gnu++14";
				CLANG_CXX_LIBRARY = "libc++";
				CLANG_ENABLE_MODULES = YES;
				CLANG_ENABLE_OBJC_ARC = YES;
				CLANG_WARN_BLOCK_CAPTURE_AUTORELEASING = YES;
				CLANG_WARN_BOOL_CONVERSION = YES;
				CLANG_WARN_COMMA = YES;
				CLANG_WARN_CONSTANT_CONVERSION = YES;
				CLANG_WARN_DIRECT_OBJC_ISA_USAGE = YES_ERROR;
				CLANG_WARN_DOCUMENTATION_COMMENTS = YES;
				CLANG_WARN_EMPTY_BODY = YES;
				CLANG_WARN_ENUM_CONVERSION = YES;
				CLANG_WARN_INFINITE_RECURSION = YES;
				CLANG_WARN_INT_CONVERSION = YES;
				CLANG_WARN_NON_LITERAL_NULL_CONVERSION = YES;
				CLANG_WARN_OBJC_LITERAL_CONVERSION = YES;
				CLANG_WARN_OBJC_ROOT_CLASS = YES_ERROR;
				CLANG_WARN_RANGE_LOOP_ANALYSIS = YES;
				CLANG_WARN_STRICT_PROTOTYPES = YES;
				CLANG_WARN_SUSPICIOUS_MOVE = YES;
				CLANG_WARN_UNGUARDED_AVAILABILITY = YES_AGGRESSIVE;
				CLANG_WARN_UNREACHABLE_CODE = YES;
				CLANG_WARN__DUPLICATE_METHOD_MATCH = YES;
				CODE_SIGN_IDENTITY = "iPhone Developer";
				COPY_PHASE_STRIP = NO;
				DEBUG_INFORMATION_FORMAT = "dwarf-with-dsym";
				ENABLE_NS_ASSERTIONS = NO;
				ENABLE_STRICT_OBJC_MSGSEND = YES;
				GCC_C_LANGUAGE_STANDARD = gnu11;
				GCC_NO_COMMON_BLOCKS = YES;
				GCC_WARN_64_TO_32_BIT_CONVERSION = YES;
				GCC_WARN_ABOUT_RETURN_TYPE = YES_ERROR;
				GCC_WARN_UNDECLARED_SELECTOR = YES;
				GCC_WARN_UNINITIALIZED_AUTOS = YES_AGGRESSIVE;
				GCC_WARN_UNUSED_FUNCTION = YES;
				GCC_WARN_UNUSED_VARIABLE = YES;
				IPHONEOS_DEPLOYMENT_TARGET = 11.2;
				MTL_ENABLE_DEBUG_INFO = NO;
				SDKROOT = iphoneos;
				SWIFT_OPTIMIZATION_LEVEL = "-Owholemodule";
				VALIDATE_PRODUCT = YES;
			};
			name = Release;
		};
		7D76D4E2210AFB4100ACC87F /* Debug */ = {
			isa = XCBuildConfiguration;
			buildSettings = {
				ASSETCATALOG_COMPILER_APPICON_NAME = AppIcon;
				CODE_SIGN_STYLE = Automatic;
				INFOPLIST_FILE = "$(SRCROOT)/Quizzler/Supporting Files/Info.plist";
				LD_RUNPATH_SEARCH_PATHS = "$(inherited) @executable_path/Frameworks";
				PRODUCT_BUNDLE_IDENTIFIER = in.anuranjanbose.Quizzler;
				PRODUCT_NAME = "$(TARGET_NAME)";
				SWIFT_VERSION = 4.0;
				TARGETED_DEVICE_FAMILY = 1;
			};
			name = Debug;
		};
		7D76D4E3210AFB4100ACC87F /* Release */ = {
			isa = XCBuildConfiguration;
			buildSettings = {
				ASSETCATALOG_COMPILER_APPICON_NAME = AppIcon;
				CODE_SIGN_STYLE = Automatic;
				INFOPLIST_FILE = "$(SRCROOT)/Quizzler/Supporting Files/Info.plist";
				LD_RUNPATH_SEARCH_PATHS = "$(inherited) @executable_path/Frameworks";
				PRODUCT_BUNDLE_IDENTIFIER = in.anuranjanbose.Quizzler;
				PRODUCT_NAME = "$(TARGET_NAME)";
				SWIFT_VERSION = 4.0;
				TARGETED_DEVICE_FAMILY = 1;
			};
			name = Release;
		};
/* End XCBuildConfiguration section */

/* Begin XCConfigurationList section */
		7D76D4CA210AFB4000ACC87F /* Build configuration list for PBXProject "Quizzler" */ = {
			isa = XCConfigurationList;
			buildConfigurations = (
				7D76D4DF210AFB4100ACC87F /* Debug */,
				7D76D4E0210AFB4100ACC87F /* Release */,
			);
			defaultConfigurationIsVisible = 0;
			defaultConfigurationName = Release;
		};
		7D76D4E1210AFB4100ACC87F /* Build configuration list for PBXNativeTarget "Quizzler" */ = {
			isa = XCConfigurationList;
			buildConfigurations = (
				7D76D4E2210AFB4100ACC87F /* Debug */,
				7D76D4E3210AFB4100ACC87F /* Release */,
			);
			defaultConfigurationIsVisible = 0;
			defaultConfigurationName = Release;
		};
/* End XCConfigurationList section */
	};
	rootObject = 7D76D4C7210AFB4000ACC87F /* Project object */;
}
